
Microsoft Visual Studio Solution File, Format Version 12.00
# Visual Studio 15
Project("{FAE04EC0-301F-11D3-BF4B-00C04F79EFBC}") = "XCharts.Editor", "XCharts.Editor.csproj", "{4D15E63D-6B88-6776-6386-3EE0CD9A383B}"
EndProject
Project("{FAE04EC0-301F-11D3-BF4B-00C04F79EFBC}") = "PhotonVoice", "PhotonVoice.csproj", "{D957195D-B458-1347-6A3E-E9D645EE90BE}"
EndProject
Project("{FAE04EC0-301F-11D3-BF4B-00C04F79EFBC}") = "XCharts.Runtime", "XCharts.Runtime.csproj", "{A7410EBA-7F44-ADDF-08F4-1C4D03881A02}"
EndProject
Project("{FAE04EC0-301F-11D3-BF4B-00C04F79EFBC}") = "PhotonChat", "PhotonChat.csproj", "{1683EE6E-3B3F-6D06-B783-A295AE149E00}"
EndProject
Project("{FAE04EC0-301F-11D3-BF4B-00C04F79EFBC}") = "PhotonUnityNetworking.Demos", "PhotonUnityNetworking.Demos.csproj", "{60C5FF5C-CA2C-0AD7-17A4-EB2004D347D9}"
EndProject
Project("{FAE04EC0-301F-11D3-BF4B-00C04F79EFBC}") = "PhotonVoice.API", "PhotonVoice.API.csproj", "{445F2D85-B8AA-2056-014A-BD1048B7FD2F}"
EndProject
Project("{FAE04EC0-301F-11D3-BF4B-00C04F79EFBC}") = "Assembly-CSharp", "Assembly-CSharp.csproj", "{75FFF658-CF20-9BA4-9E8D-DDF17D998BAE}"
EndProject
Project("{FAE04EC0-301F-11D3-BF4B-00C04F79EFBC}") = "PhotonUnityNetworking.Editor", "PhotonUnityNetworking.Editor.csproj", "{DD8C397B-1471-A3E4-8EEA-DD9799EC65D9}"
EndProject
Project("{FAE04EC0-301F-11D3-BF4B-00C04F79EFBC}") = "Siccity.GLTFUtility", "Siccity.GLTFUtility.csproj", "{B27175B7-8BFE-CBEA-4095-8F16F5F4596B}"
EndProject
Project("{FAE04EC0-301F-11D3-BF4B-00C04F79EFBC}") = "PhotonUnityNetworking", "PhotonUnityNetworking.csproj", "{533F6AB8-65CD-FA85-B366-6DE48134881D}"
EndProject
Project("{FAE04EC0-301F-11D3-BF4B-00C04F79EFBC}") = "Assembly-CSharp-Editor", "Assembly-CSharp-Editor.csproj", "{98C54EEA-8A3F-8C69-CE61-FCFB99AB4189}"
EndProject
Project("{FAE04EC0-301F-11D3-BF4B-00C04F79EFBC}") = "Dracodec", "Dracodec.csproj", "{0DFBEDE3-D1B7-F21B-A490-ED59FEE21AEF}"
EndProject
Project("{FAE04EC0-301F-11D3-BF4B-00C04F79EFBC}") = "XCharts.Examples", "XCharts.Examples.csproj", "{0CD87A5F-4695-1E52-A0DC-33427C8DAFDB}"
EndProject
Project("{FAE04EC0-301F-11D3-BF4B-00C04F79EFBC}") = "PhotonRealtime", "PhotonRealtime.csproj", "{DF4C8411-9C78-A9BF-2604-C6E390F9CACA}"
EndProject
Project("{FAE04EC0-301F-11D3-BF4B-00C04F79EFBC}") = "PhotonUnityNetworking.Utilities.PhotonPlayer.Editor", "PhotonUnityNetworking.Utilities.PhotonPlayer.Editor.csproj", "{7B4C4A61-500B-3F7E-8CB3-8AB0EEAAA17C}"
EndProject
Project("{FAE04EC0-301F-11D3-BF4B-00C04F79EFBC}") = "PhotonVoice.PUN", "PhotonVoice.PUN.csproj", "{900B52EA-4AD4-9F48-6FC7-DB854514A8BE}"
EndProject
Project("{FAE04EC0-301F-11D3-BF4B-00C04F79EFBC}") = "PhotonVoice.Editor", "PhotonVoice.Editor.csproj", "{3CEAE71A-F5CE-AC1E-DFEA-3B6012147F6B}"
EndProject
Project("{FAE04EC0-301F-11D3-BF4B-00C04F79EFBC}") = "PhotonUnityNetworking.Utilities", "PhotonUnityNetworking.Utilities.csproj", "{2D377032-9717-49F3-549A-F1D6615BDF62}"
EndProject
Project("{FAE04EC0-301F-11D3-BF4B-00C04F79EFBC}") = "Siccity.GLTFUtility.Editor", "Siccity.GLTFUtility.Editor.csproj", "{4EA3173C-F94E-A7BB-DC99-68092D08F6D1}"
EndProject
Project("{FAE04EC0-301F-11D3-BF4B-00C04F79EFBC}") = "PhotonVoice.Utilities.Editor", "PhotonVoice.Utilities.Editor.csproj", "{968BAAF2-A61A-22E0-DDBB-4E8C4B7F2D22}"
EndProject
Project("{FAE04EC0-301F-11D3-BF4B-00C04F79EFBC}") = "PunDemos.DemoSlotcarEditor", "PunDemos.DemoSlotcarEditor.csproj", "{58AE029C-EE61-B5A2-48C9-0BDAA8C6A299}"
EndProject
Project("{FAE04EC0-301F-11D3-BF4B-00C04F79EFBC}") = "PhotonVoice.PUN.Editor", "PhotonVoice.PUN.Editor.csproj", "{99655342-3F42-9A4E-8DE3-88FC05680050}"
EndProject
Project("{FAE04EC0-301F-11D3-BF4B-00C04F79EFBC}") = "PhotonUnityNetworking.Utilities.Culling.Editor", "PhotonUnityNetworking.Utilities.Culling.Editor.csproj", "{C6891905-3586-130E-7D81-56CAC30DDDEB}"
EndProject
Project("{FAE04EC0-301F-11D3-BF4B-00C04F79EFBC}") = "PunDemos.DemoHubEditor", "PunDemos.DemoHubEditor.csproj", "{43DD3D75-8FDF-242B-8A8B-5D1B97EB8013}"
EndProject
Global
	GlobalSection(SolutionConfigurationPlatforms) = preSolution
		Debug|Any CPU = Debug|Any CPU
		Release|Any CPU = Release|Any CPU
	EndGlobalSection
	GlobalSection(ProjectConfigurationPlatforms) = postSolution
		{4D15E63D-6B88-6776-6386-3EE0CD9A383B}.Debug|Any CPU.ActiveCfg = Debug|Any CPU
		{4D15E63D-6B88-6776-6386-3EE0CD9A383B}.Debug|Any CPU.Build.0 = Debug|Any CPU
		{4D15E63D-6B88-6776-6386-3EE0CD9A383B}.Release|Any CPU.ActiveCfg = Release|Any CPU
		{4D15E63D-6B88-6776-6386-3EE0CD9A383B}.Release|Any CPU.Build.0 = Release|Any CPU
		{D957195D-B458-1347-6A3E-E9D645EE90BE}.Debug|Any CPU.ActiveCfg = Debug|Any CPU
		{D957195D-B458-1347-6A3E-E9D645EE90BE}.Debug|Any CPU.Build.0 = Debug|Any CPU
		{D957195D-B458-1347-6A3E-E9D645EE90BE}.Release|Any CPU.ActiveCfg = Release|Any CPU
		{D957195D-B458-1347-6A3E-E9D645EE90BE}.Release|Any CPU.Build.0 = Release|Any CPU
		{A7410EBA-7F44-ADDF-08F4-1C4D03881A02}.Debug|Any CPU.ActiveCfg = Debug|Any CPU
		{A7410EBA-7F44-ADDF-08F4-1C4D03881A02}.Debug|Any CPU.Build.0 = Debug|Any CPU
		{A7410EBA-7F44-ADDF-08F4-1C4D03881A02}.Release|Any CPU.ActiveCfg = Release|Any CPU
		{A7410EBA-7F44-ADDF-08F4-1C4D03881A02}.Release|Any CPU.Build.0 = Release|Any CPU
		{1683EE6E-3B3F-6D06-B783-A295AE149E00}.Debug|Any CPU.ActiveCfg = Debug|Any CPU
		{1683EE6E-3B3F-6D06-B783-A295AE149E00}.Debug|Any CPU.Build.0 = Debug|Any CPU
		{1683EE6E-3B3F-6D06-B783-A295AE149E00}.Release|Any CPU.ActiveCfg = Release|Any CPU
		{1683EE6E-3B3F-6D06-B783-A295AE149E00}.Release|Any CPU.Build.0 = Release|Any CPU
		{60C5FF5C-CA2C-0AD7-17A4-EB2004D347D9}.Debug|Any CPU.ActiveCfg = Debug|Any CPU
		{60C5FF5C-CA2C-0AD7-17A4-EB2004D347D9}.Debug|Any CPU.Build.0 = Debug|Any CPU
		{60C5FF5C-CA2C-0AD7-17A4-EB2004D347D9}.Release|Any CPU.ActiveCfg = Release|Any CPU
		{60C5FF5C-CA2C-0AD7-17A4-EB2004D347D9}.Release|Any CPU.Build.0 = Release|Any CPU
		{445F2D85-B8AA-2056-014A-BD1048B7FD2F}.Debug|Any CPU.ActiveCfg = Debug|Any CPU
		{445F2D85-B8AA-2056-014A-BD1048B7FD2F}.Debug|Any CPU.Build.0 = Debug|Any CPU
		{445F2D85-B8AA-2056-014A-BD1048B7FD2F}.Release|Any CPU.ActiveCfg = Release|Any CPU
		{445F2D85-B8AA-2056-014A-BD1048B7FD2F}.Release|Any CPU.Build.0 = Release|Any CPU
		{75FFF658-CF20-9BA4-9E8D-DDF17D998BAE}.Debug|Any CPU.ActiveCfg = Debug|Any CPU
		{75FFF658-CF20-9BA4-9E8D-DDF17D998BAE}.Debug|Any CPU.Build.0 = Debug|Any CPU
		{75FFF658-CF20-9BA4-9E8D-DDF17D998BAE}.Release|Any CPU.ActiveCfg = Release|Any CPU
		{75FFF658-CF20-9BA4-9E8D-DDF17D998BAE}.Release|Any CPU.Build.0 = Release|Any CPU
		{DD8C397B-1471-A3E4-8EEA-DD9799EC65D9}.Debug|Any CPU.ActiveCfg = Debug|Any CPU
		{DD8C397B-1471-A3E4-8EEA-DD9799EC65D9}.Debug|Any CPU.Build.0 = Debug|Any CPU
		{DD8C397B-1471-A3E4-8EEA-DD9799EC65D9}.Release|Any CPU.ActiveCfg = Release|Any CPU
		{DD8C397B-1471-A3E4-8EEA-DD9799EC65D9}.Release|Any CPU.Build.0 = Release|Any CPU
		{B27175B7-8BFE-CBEA-4095-8F16F5F4596B}.Debug|Any CPU.ActiveCfg = Debug|Any CPU
		{B27175B7-8BFE-CBEA-4095-8F16F5F4596B}.Debug|Any CPU.Build.0 = Debug|Any CPU
		{B27175B7-8BFE-CBEA-4095-8F16F5F4596B}.Release|Any CPU.ActiveCfg = Release|Any CPU
		{B27175B7-8BFE-CBEA-4095-8F16F5F4596B}.Release|Any CPU.Build.0 = Release|Any CPU
		{533F6AB8-65CD-FA85-B366-6DE48134881D}.Debug|Any CPU.ActiveCfg = Debug|Any CPU
		{533F6AB8-65CD-FA85-B366-6DE48134881D}.Debug|Any CPU.Build.0 = Debug|Any CPU
		{533F6AB8-65CD-FA85-B366-6DE48134881D}.Release|Any CPU.ActiveCfg = Release|Any CPU
		{533F6AB8-65CD-FA85-B366-6DE48134881D}.Release|Any CPU.Build.0 = Release|Any CPU
		{98C54EEA-8A3F-8C69-CE61-FCFB99AB4189}.Debug|Any CPU.ActiveCfg = Debug|Any CPU
		{98C54EEA-8A3F-8C69-CE61-FCFB99AB4189}.Debug|Any CPU.Build.0 = Debug|Any CPU
		{98C54EEA-8A3F-8C69-CE61-FCFB99AB4189}.Release|Any CPU.ActiveCfg = Release|Any CPU
		{98C54EEA-8A3F-8C69-CE61-FCFB99AB4189}.Release|Any CPU.Build.0 = Release|Any CPU
		{0DFBEDE3-D1B7-F21B-A490-ED59FEE21AEF}.Debug|Any CPU.ActiveCfg = Debug|Any CPU
		{0DFBEDE3-D1B7-F21B-A490-ED59FEE21AEF}.Debug|Any CPU.Build.0 = Debug|Any CPU
		{0DFBEDE3-D1B7-F21B-A490-ED59FEE21AEF}.Release|Any CPU.ActiveCfg = Release|Any CPU
		{0DFBEDE3-D1B7-F21B-A490-ED59FEE21AEF}.Release|Any CPU.Build.0 = Release|Any CPU
		{0CD87A5F-4695-1E52-A0DC-33427C8DAFDB}.Debug|Any CPU.ActiveCfg = Debug|Any CPU
		{0CD87A5F-4695-1E52-A0DC-33427C8DAFDB}.Debug|Any CPU.Build.0 = Debug|Any CPU
		{0CD87A5F-4695-1E52-A0DC-33427C8DAFDB}.Release|Any CPU.ActiveCfg = Release|Any CPU
		{0CD87A5F-4695-1E52-A0DC-33427C8DAFDB}.Release|Any CPU.Build.0 = Release|Any CPU
		{DF4C8411-9C78-A9BF-2604-C6E390F9CACA}.Debug|Any CPU.ActiveCfg = Debug|Any CPU
		{DF4C8411-9C78-A9BF-2604-C6E390F9CACA}.Debug|Any CPU.Build.0 = Debug|Any CPU
		{DF4C8411-9C78-A9BF-2604-C6E390F9CACA}.Release|Any CPU.ActiveCfg = Release|Any CPU
		{DF4C8411-9C78-A9BF-2604-C6E390F9CACA}.Release|Any CPU.Build.0 = Release|Any CPU
		{7B4C4A61-500B-3F7E-8CB3-8AB0EEAAA17C}.Debug|Any CPU.ActiveCfg = Debug|Any CPU
		{7B4C4A61-500B-3F7E-8CB3-8AB0EEAAA17C}.Debug|Any CPU.Build.0 = Debug|Any CPU
		{7B4C4A61-500B-3F7E-8CB3-8AB0EEAAA17C}.Release|Any CPU.ActiveCfg = Release|Any CPU
		{7B4C4A61-500B-3F7E-8CB3-8AB0EEAAA17C}.Release|Any CPU.Build.0 = Release|Any CPU
		{900B52EA-4AD4-9F48-6FC7-DB854514A8BE}.Debug|Any CPU.ActiveCfg = Debug|Any CPU
		{900B52EA-4AD4-9F48-6FC7-DB854514A8BE}.Debug|Any CPU.Build.0 = Debug|Any CPU
		{900B52EA-4AD4-9F48-6FC7-DB854514A8BE}.Release|Any CPU.ActiveCfg = Release|Any CPU
		{900B52EA-4AD4-9F48-6FC7-DB854514A8BE}.Release|Any CPU.Build.0 = Release|Any CPU
		{3CEAE71A-F5CE-AC1E-DFEA-3B6012147F6B}.Debug|Any CPU.ActiveCfg = Debug|Any CPU
		{3CEAE71A-F5CE-AC1E-DFEA-3B6012147F6B}.Debug|Any CPU.Build.0 = Debug|Any CPU
		{3CEAE71A-F5CE-AC1E-DFEA-3B6012147F6B}.Release|Any CPU.ActiveCfg = Release|Any CPU
		{3CEAE71A-F5CE-AC1E-DFEA-3B6012147F6B}.Release|Any CPU.Build.0 = Release|Any CPU
		{2D377032-9717-49F3-549A-F1D6615BDF62}.Debug|Any CPU.ActiveCfg = Debug|Any CPU
		{2D377032-9717-49F3-549A-F1D6615BDF62}.Debug|Any CPU.Build.0 = Debug|Any CPU
		{2D377032-9717-49F3-549A-F1D6615BDF62}.Release|Any CPU.ActiveCfg = Release|Any CPU
		{2D377032-9717-49F3-549A-F1D6615BDF62}.Release|Any CPU.Build.0 = Release|Any CPU
		{4EA3173C-F94E-A7BB-DC99-68092D08F6D1}.Debug|Any CPU.ActiveCfg = Debug|Any CPU
		{4EA3173C-F94E-A7BB-DC99-68092D08F6D1}.Debug|Any CPU.Build.0 = Debug|Any CPU
		{4EA3173C-F94E-A7BB-DC99-68092D08F6D1}.Release|Any CPU.ActiveCfg = Release|Any CPU
		{4EA3173C-F94E-A7BB-DC99-68092D08F6D1}.Release|Any CPU.Build.0 = Release|Any CPU
		{968BAAF2-A61A-22E0-DDBB-4E8C4B7F2D22}.Debug|Any CPU.ActiveCfg = Debug|Any CPU
		{968BAAF2-A61A-22E0-DDBB-4E8C4B7F2D22}.Debug|Any CPU.Build.0 = Debug|Any CPU
		{968BAAF2-A61A-22E0-DDBB-4E8C4B7F2D22}.Release|Any CPU.ActiveCfg = Release|Any CPU
		{968BAAF2-A61A-22E0-DDBB-4E8C4B7F2D22}.Release|Any CPU.Build.0 = Release|Any CPU
		{58AE029C-EE61-B5A2-48C9-0BDAA8C6A299}.Debug|Any CPU.ActiveCfg = Debug|Any CPU
		{58AE029C-EE61-B5A2-48C9-0BDAA8C6A299}.Debug|Any CPU.Build.0 = Debug|Any CPU
		{58AE029C-EE61-B5A2-48C9-0BDAA8C6A299}.Release|Any CPU.ActiveCfg = Release|Any CPU
		{58AE029C-EE61-B5A2-48C9-0BDAA8C6A299}.Release|Any CPU.Build.0 = Release|Any CPU
		{99655342-3F42-9A4E-8DE3-88FC05680050}.Debug|Any CPU.ActiveCfg = Debug|Any CPU
		{99655342-3F42-9A4E-8DE3-88FC05680050}.Debug|Any CPU.Build.0 = Debug|Any CPU
		{99655342-3F42-9A4E-8DE3-88FC05680050}.Release|Any CPU.ActiveCfg = Release|Any CPU
		{99655342-3F42-9A4E-8DE3-88FC05680050}.Release|Any CPU.Build.0 = Release|Any CPU
		{C6891905-3586-130E-7D81-56CAC30DDDEB}.Debug|Any CPU.ActiveCfg = Debug|Any CPU
		{C6891905-3586-130E-7D81-56CAC30DDDEB}.Debug|Any CPU.Build.0 = Debug|Any CPU
		{C6891905-3586-130E-7D81-56CAC30DDDEB}.Release|Any CPU.ActiveCfg = Release|Any CPU
		{C6891905-3586-130E-7D81-56CAC30DDDEB}.Release|Any CPU.Build.0 = Release|Any CPU
		{43DD3D75-8FDF-242B-8A8B-5D1B97EB8013}.Debug|Any CPU.ActiveCfg = Debug|Any CPU
		{43DD3D75-8FDF-242B-8A8B-5D1B97EB8013}.Debug|Any CPU.Build.0 = Debug|Any CPU
		{43DD3D75-8FDF-242B-8A8B-5D1B97EB8013}.Release|Any CPU.ActiveCfg = Release|Any CPU
		{43DD3D75-8FDF-242B-8A8B-5D1B97EB8013}.Release|Any CPU.Build.0 = Release|Any CPU
	EndGlobalSection
	GlobalSection(SolutionProperties) = preSolution
		HideSolutionNode = FALSE
	EndGlobalSection
EndGlobal
